
Microsoft Visual Studio Solution File, Format Version 12.00
# Visual Studio 15
VisualStudioVersion = 15.0.26730.12
MinimumVisualStudioVersion = 10.0.40219.1
Project("{2150E333-8FDC-42A3-9474-1A3956D46DE8}") = "src", "src", "{AA56D832-3C1B-44C1-9F68-02428AE74F4A}"
EndProject
Project("{2150E333-8FDC-42A3-9474-1A3956D46DE8}") = "samples", "samples", "{9B17E28E-6960-4C5F-B3D1-6C5301711854}"
EndProject
Project("{FAE04EC0-301F-11D3-BF4B-00C04F79EFBC}") = "YellowJacket.Console", "src\YellowJacket.Console\YellowJacket.Console.csproj", "{92928DE0-5154-4264-9525-10578A0F55F2}"
EndProject
Project("{FAE04EC0-301F-11D3-BF4B-00C04F79EFBC}") = "YellowJacket.Core", "src\YellowJacket.Core\YellowJacket.Core.csproj", "{4F02B61B-241A-48EF-A6D8-FDB94700202F}"
EndProject
Project("{FAE04EC0-301F-11D3-BF4B-00C04F79EFBC}") = "YellowJacket.Agent", "src\YellowJacket.Agent\YellowJacket.Agent.csproj", "{84B31181-A6D4-4C8C-A2FF-7E5CAFF3416E}"
EndProject
Project("{9A19103F-16F7-4668-BE54-9A1E7A4F7556}") = "YellowJacket.Models", "src\YellowJacket.Models\YellowJacket.Models.csproj", "{7811E115-4CC8-4D4D-AFA2-6E029B1F2090}"
EndProject
Project("{E53339B2-1760-4266-BCC7-CA923CBCF16C}") = "docker-compose", "docker-compose.dcproj", "{3FB52DE6-8EBC-4F8B-900F-CC3C26E08F48}"
EndProject
Project("{FAE04EC0-301F-11D3-BF4B-00C04F79EFBC}") = "YellowJacket.Api", "src\YellowJacket.Api\YellowJacket.Api.csproj", "{D0739B5D-2D5E-410B-8A44-0B5B4C5C1B87}"
EndProject
Project("{FAE04EC0-301F-11D3-BF4B-00C04F79EFBC}") = "YellowJacket.WebApp.Automation", "samples\YellowJacket.WebApp.Automation\YellowJacket.WebApp.Automation.csproj", "{F944458C-6CFD-4958-AC3B-65FCCBAC5DF0}"
EndProject
Project("{9A19103F-16F7-4668-BE54-9A1E7A4F7556}") = "YellowJacket.Dashboard.old", "src\YellowJacket.Dashboard.old\YellowJacket.Dashboard.old.csproj", "{2F3BE132-1521-48B9-BBB1-0741C210846C}"
EndProject
Project("{9A19103F-16F7-4668-BE54-9A1E7A4F7556}") = "YellowJacket.Dashboard.old2", "src\YellowJacket.Dashboard.old2\YellowJacket.Dashboard.old2.csproj", "{C382C08C-0B43-4553-96A0-4403D8D3A46E}"
EndProject
Project("{FAE04EC0-301F-11D3-BF4B-00C04F79EFBC}") = "YellowJacket.Dashboard", "src\YellowJacket.Dashboard\YellowJacket.Dashboard.csproj", "{405A0E31-C829-4C30-AA59-711CE2869283}"
EndProject
Global
	GlobalSection(SolutionConfigurationPlatforms) = preSolution
		Debug|Any CPU = Debug|Any CPU
		Release|Any CPU = Release|Any CPU
	EndGlobalSection
	GlobalSection(ProjectConfigurationPlatforms) = postSolution
		{92928DE0-5154-4264-9525-10578A0F55F2}.Debug|Any CPU.ActiveCfg = Debug|Any CPU
		{92928DE0-5154-4264-9525-10578A0F55F2}.Debug|Any CPU.Build.0 = Debug|Any CPU
		{92928DE0-5154-4264-9525-10578A0F55F2}.Release|Any CPU.ActiveCfg = Release|Any CPU
		{92928DE0-5154-4264-9525-10578A0F55F2}.Release|Any CPU.Build.0 = Release|Any CPU
		{4F02B61B-241A-48EF-A6D8-FDB94700202F}.Debug|Any CPU.ActiveCfg = Debug|Any CPU
		{4F02B61B-241A-48EF-A6D8-FDB94700202F}.Debug|Any CPU.Build.0 = Debug|Any CPU
		{4F02B61B-241A-48EF-A6D8-FDB94700202F}.Release|Any CPU.ActiveCfg = Release|Any CPU
		{4F02B61B-241A-48EF-A6D8-FDB94700202F}.Release|Any CPU.Build.0 = Release|Any CPU
		{84B31181-A6D4-4C8C-A2FF-7E5CAFF3416E}.Debug|Any CPU.ActiveCfg = Debug|Any CPU
		{84B31181-A6D4-4C8C-A2FF-7E5CAFF3416E}.Debug|Any CPU.Build.0 = Debug|Any CPU
		{84B31181-A6D4-4C8C-A2FF-7E5CAFF3416E}.Release|Any CPU.ActiveCfg = Release|Any CPU
		{84B31181-A6D4-4C8C-A2FF-7E5CAFF3416E}.Release|Any CPU.Build.0 = Release|Any CPU
		{7811E115-4CC8-4D4D-AFA2-6E029B1F2090}.Debug|Any CPU.ActiveCfg = Debug|Any CPU
		{7811E115-4CC8-4D4D-AFA2-6E029B1F2090}.Debug|Any CPU.Build.0 = Debug|Any CPU
		{7811E115-4CC8-4D4D-AFA2-6E029B1F2090}.Release|Any CPU.ActiveCfg = Release|Any CPU
		{7811E115-4CC8-4D4D-AFA2-6E029B1F2090}.Release|Any CPU.Build.0 = Release|Any CPU
		{3FB52DE6-8EBC-4F8B-900F-CC3C26E08F48}.Debug|Any CPU.ActiveCfg = Debug|Any CPU
		{3FB52DE6-8EBC-4F8B-900F-CC3C26E08F48}.Release|Any CPU.ActiveCfg = Release|Any CPU
		{3FB52DE6-8EBC-4F8B-900F-CC3C26E08F48}.Release|Any CPU.Build.0 = Release|Any CPU
		{D0739B5D-2D5E-410B-8A44-0B5B4C5C1B87}.Debug|Any CPU.ActiveCfg = Debug|Any CPU
		{D0739B5D-2D5E-410B-8A44-0B5B4C5C1B87}.Debug|Any CPU.Build.0 = Debug|Any CPU
		{D0739B5D-2D5E-410B-8A44-0B5B4C5C1B87}.Release|Any CPU.ActiveCfg = Release|Any CPU
		{D0739B5D-2D5E-410B-8A44-0B5B4C5C1B87}.Release|Any CPU.Build.0 = Release|Any CPU
		{F944458C-6CFD-4958-AC3B-65FCCBAC5DF0}.Debug|Any CPU.ActiveCfg = Debug|Any CPU
		{F944458C-6CFD-4958-AC3B-65FCCBAC5DF0}.Debug|Any CPU.Build.0 = Debug|Any CPU
		{F944458C-6CFD-4958-AC3B-65FCCBAC5DF0}.Release|Any CPU.ActiveCfg = Release|Any CPU
		{F944458C-6CFD-4958-AC3B-65FCCBAC5DF0}.Release|Any CPU.Build.0 = Release|Any CPU
		{2F3BE132-1521-48B9-BBB1-0741C210846C}.Debug|Any CPU.ActiveCfg = Debug|Any CPU
		{2F3BE132-1521-48B9-BBB1-0741C210846C}.Release|Any CPU.ActiveCfg = Release|Any CPU
		{C382C08C-0B43-4553-96A0-4403D8D3A46E}.Debug|Any CPU.ActiveCfg = Debug|Any CPU
		{C382C08C-0B43-4553-96A0-4403D8D3A46E}.Release|Any CPU.ActiveCfg = Release|Any CPU
		{C382C08C-0B43-4553-96A0-4403D8D3A46E}.Release|Any CPU.Build.0 = Release|Any CPU
		{405A0E31-C829-4C30-AA59-711CE2869283}.Debug|Any CPU.ActiveCfg = Debug|Any CPU
		{405A0E31-C829-4C30-AA59-711CE2869283}.Debug|Any CPU.Build.0 = Debug|Any CPU
		{405A0E31-C829-4C30-AA59-711CE2869283}.Release|Any CPU.ActiveCfg = Release|Any CPU
		{405A0E31-C829-4C30-AA59-711CE2869283}.Release|Any CPU.Build.0 = Release|Any CPU
	EndGlobalSection
	GlobalSection(SolutionProperties) = preSolution
		HideSolutionNode = FALSE
	EndGlobalSection
	GlobalSection(NestedProjects) = preSolution
		{92928DE0-5154-4264-9525-10578A0F55F2} = {AA56D832-3C1B-44C1-9F68-02428AE74F4A}
		{4F02B61B-241A-48EF-A6D8-FDB94700202F} = {AA56D832-3C1B-44C1-9F68-02428AE74F4A}
		{84B31181-A6D4-4C8C-A2FF-7E5CAFF3416E} = {AA56D832-3C1B-44C1-9F68-02428AE74F4A}
		{7811E115-4CC8-4D4D-AFA2-6E029B1F2090} = {AA56D832-3C1B-44C1-9F68-02428AE74F4A}
		{D0739B5D-2D5E-410B-8A44-0B5B4C5C1B87} = {AA56D832-3C1B-44C1-9F68-02428AE74F4A}
		{F944458C-6CFD-4958-AC3B-65FCCBAC5DF0} = {9B17E28E-6960-4C5F-B3D1-6C5301711854}
		{2F3BE132-1521-48B9-BBB1-0741C210846C} = {AA56D832-3C1B-44C1-9F68-02428AE74F4A}
		{C382C08C-0B43-4553-96A0-4403D8D3A46E} = {AA56D832-3C1B-44C1-9F68-02428AE74F4A}
		{405A0E31-C829-4C30-AA59-711CE2869283} = {AA56D832-3C1B-44C1-9F68-02428AE74F4A}
	EndGlobalSection
	GlobalSection(ExtensibilityGlobals) = postSolution
		SolutionGuid = {34634A09-3B1F-4151-A9D0-B76AF2AB8973}
	EndGlobalSection
EndGlobal
